
Microsoft Visual Studio Solution File, Format Version 12.00
# 
Project("{FAE04EC0-301F-11D3-BF4B-00C04F79EFBC}") = "HuffmanCodesCSharp", "HuffmanCodesCSharp\HuffmanCodesCSharp.csproj", "{2BE08779-D109-49A6-BCD5-4F5B146DAA64}"
EndProject
Project("{FAE04EC0-301F-11D3-BF4B-00C04F79EFBC}") = "HuffmanCodesCSharp.Tests", "HuffmanCodesCSharp.Tests\HuffmanCodesCSharp.Tests.csproj", "{8366ED41-81DF-4144-AFBE-06FE8039EB30}"
EndProject
Global
	GlobalSection(SolutionConfigurationPlatforms) = preSolution
		Debug|Any CPU = Debug|Any CPU
		Release|Any CPU = Release|Any CPU
	EndGlobalSection
	GlobalSection(ProjectConfigurationPlatforms) = postSolution
		{2BE08779-D109-49A6-BCD5-4F5B146DAA64}.Debug|Any CPU.ActiveCfg = Debug|Any CPU
		{2BE08779-D109-49A6-BCD5-4F5B146DAA64}.Debug|Any CPU.Build.0 = Debug|Any CPU
		{2BE08779-D109-49A6-BCD5-4F5B146DAA64}.Release|Any CPU.ActiveCfg = Release|Any CPU
		{2BE08779-D109-49A6-BCD5-4F5B146DAA64}.Release|Any CPU.Build.0 = Release|Any CPU
		{8366ED41-81DF-4144-AFBE-06FE8039EB30}.Debug|Any CPU.ActiveCfg = Debug|Any CPU
		{8366ED41-81DF-4144-AFBE-06FE8039EB30}.Debug|Any CPU.Build.0 = Debug|Any CPU
		{8366ED41-81DF-4144-AFBE-06FE8039EB30}.Release|Any CPU.ActiveCfg = Release|Any CPU
		{8366ED41-81DF-4144-AFBE-06FE8039EB30}.Release|Any CPU.Build.0 = Release|Any CPU
	EndGlobalSection
EndGlobal
